// !$*UTF8*$!
{
	archiveVersion = 1;
	classes = {
	};
	objectVersion = 46;
	objects = {

/* Begin PBXBuildFile section */
		71A0E66F1BFB91F0002F43E8 /* AppDelegate.swift in Sources */ = {isa = PBXBuildFile; fileRef = 71A0E66E1BFB91F0002F43E8 /* AppDelegate.swift */; };
		71A0E6711BFB91F0002F43E8 /* ViewController.swift in Sources */ = {isa = PBXBuildFile; fileRef = 71A0E6701BFB91F0002F43E8 /* ViewController.swift */; };
		71A0E6741BFB91F0002F43E8 /* Main.storyboard in Resources */ = {isa = PBXBuildFile; fileRef = 71A0E6721BFB91F0002F43E8 /* Main.storyboard */; };
		71A0E6761BFB91F0002F43E8 /* Assets.xcassets in Resources */ = {isa = PBXBuildFile; fileRef = 71A0E6751BFB91F0002F43E8 /* Assets.xcassets */; };
		71A0E6811BFB91F0002F43E8 /* BlankApp_TealiumTests.swift in Sources */ = {isa = PBXBuildFile; fileRef = 71A0E6801BFB91F0002F43E8 /* BlankApp_TealiumTests.swift */; };
		71A0E68C1BFB91F0002F43E8 /* BlankApp_TealiumUITests.swift in Sources */ = {isa = PBXBuildFile; fileRef = 71A0E68B1BFB91F0002F43E8 /* BlankApp_TealiumUITests.swift */; };
		71A0E69C1BFB921F002F43E8 /* TealiumHelper.swift in Sources */ = {isa = PBXBuildFile; fileRef = 71A0E69B1BFB921F002F43E8 /* TealiumHelper.swift */; };
		71E48B711BFCE6C30090AF52 /* TealiumTVOS.framework in Frameworks */ = {isa = PBXBuildFile; fileRef = 71E48B701BFCE6C30090AF52 /* TealiumTVOS.framework */; };
		71E48B741BFCE7410090AF52 /* TealiumTVOS.framework in Embed Frameworks */ = {isa = PBXBuildFile; fileRef = 71E48B701BFCE6C30090AF52 /* TealiumTVOS.framework */; settings = {ATTRIBUTES = (CodeSignOnCopy, RemoveHeadersOnCopy, ); }; };
/* End PBXBuildFile section */

/* Begin PBXContainerItemProxy section */
		71A0E67D1BFB91F0002F43E8 /* PBXContainerItemProxy */ = {
			isa = PBXContainerItemProxy;
			containerPortal = 71A0E6631BFB91F0002F43E8 /* Project object */;
			proxyType = 1;
			remoteGlobalIDString = 71A0E66A1BFB91F0002F43E8;
			remoteInfo = "BlankApp+Tealium";
		};
		71A0E6881BFB91F0002F43E8 /* PBXContainerItemProxy */ = {
			isa = PBXContainerItemProxy;
			containerPortal = 71A0E6631BFB91F0002F43E8 /* Project object */;
			proxyType = 1;
			remoteGlobalIDString = 71A0E66A1BFB91F0002F43E8;
			remoteInfo = "BlankApp+Tealium";
		};
/* End PBXContainerItemProxy section */

/* Begin PBXCopyFilesBuildPhase section */
		71A0E69F1BFB9232002F43E8 /* Embed Frameworks */ = {
			isa = PBXCopyFilesBuildPhase;
			buildActionMask = 2147483647;
			dstPath = "";
			dstSubfolderSpec = 10;
			files = (
				71E48B741BFCE7410090AF52 /* TealiumTVOS.framework in Embed Frameworks */,
			);
			name = "Embed Frameworks";
			runOnlyForDeploymentPostprocessing = 0;
		};
/* End PBXCopyFilesBuildPhase section */

/* Begin PBXFileReference section */
		715AC5581C44FD2600218678 /* TealiumTVOSBridgingHeader.h */ = {isa = PBXFileReference; fileEncoding = 4; lastKnownFileType = sourcecode.c.h; name = TealiumTVOSBridgingHeader.h; path = ../../../Support/TealiumTVOSBridgingHeader.h; sourceTree = "<group>"; };
		71A0E66B1BFB91F0002F43E8 /* BlankApp+Tealium.app */ = {isa = PBXFileReference; explicitFileType = wrapper.application; includeInIndex = 0; path = "BlankApp+Tealium.app"; sourceTree = BUILT_PRODUCTS_DIR; };
		71A0E66E1BFB91F0002F43E8 /* AppDelegate.swift */ = {isa = PBXFileReference; lastKnownFileType = sourcecode.swift; path = AppDelegate.swift; sourceTree = "<group>"; };
		71A0E6701BFB91F0002F43E8 /* ViewController.swift */ = {isa = PBXFileReference; lastKnownFileType = sourcecode.swift; path = ViewController.swift; sourceTree = "<group>"; };
		71A0E6731BFB91F0002F43E8 /* Base */ = {isa = PBXFileReference; lastKnownFileType = file.storyboard; name = Base; path = Base.lproj/Main.storyboard; sourceTree = "<group>"; };
		71A0E6751BFB91F0002F43E8 /* Assets.xcassets */ = {isa = PBXFileReference; lastKnownFileType = folder.assetcatalog; path = Assets.xcassets; sourceTree = "<group>"; };
		71A0E6771BFB91F0002F43E8 /* Info.plist */ = {isa = PBXFileReference; lastKnownFileType = text.plist.xml; path = Info.plist; sourceTree = "<group>"; };
		71A0E67C1BFB91F0002F43E8 /* BlankApp+TealiumTests.xctest */ = {isa = PBXFileReference; explicitFileType = wrapper.cfbundle; includeInIndex = 0; path = "BlankApp+TealiumTests.xctest"; sourceTree = BUILT_PRODUCTS_DIR; };
		71A0E6801BFB91F0002F43E8 /* BlankApp_TealiumTests.swift */ = {isa = PBXFileReference; lastKnownFileType = sourcecode.swift; path = BlankApp_TealiumTests.swift; sourceTree = "<group>"; };
		71A0E6821BFB91F0002F43E8 /* Info.plist */ = {isa = PBXFileReference; lastKnownFileType = text.plist.xml; path = Info.plist; sourceTree = "<group>"; };
		71A0E6871BFB91F0002F43E8 /* BlankApp+TealiumUITests.xctest */ = {isa = PBXFileReference; explicitFileType = wrapper.cfbundle; includeInIndex = 0; path = "BlankApp+TealiumUITests.xctest"; sourceTree = BUILT_PRODUCTS_DIR; };
		71A0E68B1BFB91F0002F43E8 /* BlankApp_TealiumUITests.swift */ = {isa = PBXFileReference; lastKnownFileType = sourcecode.swift; path = BlankApp_TealiumUITests.swift; sourceTree = "<group>"; };
		71A0E68D1BFB91F0002F43E8 /* Info.plist */ = {isa = PBXFileReference; lastKnownFileType = text.plist.xml; path = Info.plist; sourceTree = "<group>"; };
		71A0E69B1BFB921F002F43E8 /* TealiumHelper.swift */ = {isa = PBXFileReference; fileEncoding = 4; lastKnownFileType = sourcecode.swift; path = TealiumHelper.swift; sourceTree = "<group>"; };
		71E48B701BFCE6C30090AF52 /* TealiumTVOS.framework */ = {isa = PBXFileReference; lastKnownFileType = wrapper.framework; name = TealiumTVOS.framework; path = ../../../TealiumTVOS.framework; sourceTree = "<group>"; };
/* End PBXFileReference section */

/* Begin PBXFrameworksBuildPhase section */
		71A0E6681BFB91F0002F43E8 /* Frameworks */ = {
			isa = PBXFrameworksBuildPhase;
			buildActionMask = 2147483647;
			files = (
				71E48B711BFCE6C30090AF52 /* TealiumTVOS.framework in Frameworks */,
			);
			runOnlyForDeploymentPostprocessing = 0;
		};
		71A0E6791BFB91F0002F43E8 /* Frameworks */ = {
			isa = PBXFrameworksBuildPhase;
			buildActionMask = 2147483647;
			files = (
			);
			runOnlyForDeploymentPostprocessing = 0;
		};
		71A0E6841BFB91F0002F43E8 /* Frameworks */ = {
			isa = PBXFrameworksBuildPhase;
			buildActionMask = 2147483647;
			files = (
			);
			runOnlyForDeploymentPostprocessing = 0;
		};
/* End PBXFrameworksBuildPhase section */

/* Begin PBXGroup section */
		716E66DF1BFFA14A00E94183 /* Tealium */ = {
			isa = PBXGroup;
			children = (
				71A0E69B1BFB921F002F43E8 /* TealiumHelper.swift */,
				715AC5581C44FD2600218678 /* TealiumTVOSBridgingHeader.h */,
				71E48B701BFCE6C30090AF52 /* TealiumTVOS.framework */,
			);
			name = Tealium;
			path = "BlankApp+Tealium";
			sourceTree = "<group>";
		};
		71A0E6621BFB91F0002F43E8 = {
			isa = PBXGroup;
			children = (
				71A0E66D1BFB91F0002F43E8 /* BlankApp+Tealium */,
				716E66DF1BFFA14A00E94183 /* Tealium */,
				71A0E67F1BFB91F0002F43E8 /* BlankApp+TealiumTests */,
				71A0E68A1BFB91F0002F43E8 /* BlankApp+TealiumUITests */,
				71A0E66C1BFB91F0002F43E8 /* Products */,
			);
			sourceTree = "<group>";
		};
		71A0E66C1BFB91F0002F43E8 /* Products */ = {
			isa = PBXGroup;
			children = (
				71A0E66B1BFB91F0002F43E8 /* BlankApp+Tealium.app */,
				71A0E67C1BFB91F0002F43E8 /* BlankApp+TealiumTests.xctest */,
				71A0E6871BFB91F0002F43E8 /* BlankApp+TealiumUITests.xctest */,
			);
			name = Products;
			sourceTree = "<group>";
		};
		71A0E66D1BFB91F0002F43E8 /* BlankApp+Tealium */ = {
			isa = PBXGroup;
			children = (
				71A0E66E1BFB91F0002F43E8 /* AppDelegate.swift */,
				71A0E6701BFB91F0002F43E8 /* ViewController.swift */,
				71A0E6721BFB91F0002F43E8 /* Main.storyboard */,
				71A0E6751BFB91F0002F43E8 /* Assets.xcassets */,
				71A0E6771BFB91F0002F43E8 /* Info.plist */,
			);
			path = "BlankApp+Tealium";
			sourceTree = "<group>";
		};
		71A0E67F1BFB91F0002F43E8 /* BlankApp+TealiumTests */ = {
			isa = PBXGroup;
			children = (
				71A0E6801BFB91F0002F43E8 /* BlankApp_TealiumTests.swift */,
				71A0E6821BFB91F0002F43E8 /* Info.plist */,
			);
			path = "BlankApp+TealiumTests";
			sourceTree = "<group>";
		};
		71A0E68A1BFB91F0002F43E8 /* BlankApp+TealiumUITests */ = {
			isa = PBXGroup;
			children = (
				71A0E68B1BFB91F0002F43E8 /* BlankApp_TealiumUITests.swift */,
				71A0E68D1BFB91F0002F43E8 /* Info.plist */,
			);
			path = "BlankApp+TealiumUITests";
			sourceTree = "<group>";
		};
/* End PBXGroup section */

/* Begin PBXNativeTarget section */
		71A0E66A1BFB91F0002F43E8 /* BlankApp+Tealium */ = {
			isa = PBXNativeTarget;
			buildConfigurationList = 71A0E6901BFB91F0002F43E8 /* Build configuration list for PBXNativeTarget "BlankApp+Tealium" */;
			buildPhases = (
				71A0E6671BFB91F0002F43E8 /* Sources */,
				71A0E6681BFB91F0002F43E8 /* Frameworks */,
				71A0E6691BFB91F0002F43E8 /* Resources */,
				71A0E69F1BFB9232002F43E8 /* Embed Frameworks */,
			);
			buildRules = (
			);
			dependencies = (
			);
			name = "BlankApp+Tealium";
			productName = "BlankApp+Tealium";
			productReference = 71A0E66B1BFB91F0002F43E8 /* BlankApp+Tealium.app */;
			productType = "com.apple.product-type.application";
		};
		71A0E67B1BFB91F0002F43E8 /* BlankApp+TealiumTests */ = {
			isa = PBXNativeTarget;
			buildConfigurationList = 71A0E6931BFB91F0002F43E8 /* Build configuration list for PBXNativeTarget "BlankApp+TealiumTests" */;
			buildPhases = (
				71A0E6781BFB91F0002F43E8 /* Sources */,
				71A0E6791BFB91F0002F43E8 /* Frameworks */,
				71A0E67A1BFB91F0002F43E8 /* Resources */,
			);
			buildRules = (
			);
			dependencies = (
				71A0E67E1BFB91F0002F43E8 /* PBXTargetDependency */,
			);
			name = "BlankApp+TealiumTests";
			productName = "BlankApp+TealiumTests";
			productReference = 71A0E67C1BFB91F0002F43E8 /* BlankApp+TealiumTests.xctest */;
			productType = "com.apple.product-type.bundle.unit-test";
		};
		71A0E6861BFB91F0002F43E8 /* BlankApp+TealiumUITests */ = {
			isa = PBXNativeTarget;
			buildConfigurationList = 71A0E6961BFB91F0002F43E8 /* Build configuration list for PBXNativeTarget "BlankApp+TealiumUITests" */;
			buildPhases = (
				71A0E6831BFB91F0002F43E8 /* Sources */,
				71A0E6841BFB91F0002F43E8 /* Frameworks */,
				71A0E6851BFB91F0002F43E8 /* Resources */,
			);
			buildRules = (
			);
			dependencies = (
				71A0E6891BFB91F0002F43E8 /* PBXTargetDependency */,
			);
			name = "BlankApp+TealiumUITests";
			productName = "BlankApp+TealiumUITests";
			productReference = 71A0E6871BFB91F0002F43E8 /* BlankApp+TealiumUITests.xctest */;
			productType = "com.apple.product-type.bundle.ui-testing";
		};
/* End PBXNativeTarget section */

/* Begin PBXProject section */
		71A0E6631BFB91F0002F43E8 /* Project object */ = {
			isa = PBXProject;
			attributes = {
				LastSwiftUpdateCheck = 0710;
				LastUpgradeCheck = 0710;
				ORGANIZATIONNAME = tealium;
				TargetAttributes = {
					71A0E66A1BFB91F0002F43E8 = {
						CreatedOnToolsVersion = 7.1;
					};
					71A0E67B1BFB91F0002F43E8 = {
						CreatedOnToolsVersion = 7.1;
						TestTargetID = 71A0E66A1BFB91F0002F43E8;
					};
					71A0E6861BFB91F0002F43E8 = {
						CreatedOnToolsVersion = 7.1;
						TestTargetID = 71A0E66A1BFB91F0002F43E8;
					};
				};
			};
			buildConfigurationList = 71A0E6661BFB91F0002F43E8 /* Build configuration list for PBXProject "BlankApp+Tealium" */;
			compatibilityVersion = "Xcode 3.2";
			developmentRegion = English;
			hasScannedForEncodings = 0;
			knownRegions = (
				en,
				Base,
			);
			mainGroup = 71A0E6621BFB91F0002F43E8;
			productRefGroup = 71A0E66C1BFB91F0002F43E8 /* Products */;
			projectDirPath = "";
			projectRoot = "";
			targets = (
				71A0E66A1BFB91F0002F43E8 /* BlankApp+Tealium */,
				71A0E67B1BFB91F0002F43E8 /* BlankApp+TealiumTests */,
				71A0E6861BFB91F0002F43E8 /* BlankApp+TealiumUITests */,
			);
		};
/* End PBXProject section */

/* Begin PBXResourcesBuildPhase section */
		71A0E6691BFB91F0002F43E8 /* Resources */ = {
			isa = PBXResourcesBuildPhase;
			buildActionMask = 2147483647;
			files = (
				71A0E6761BFB91F0002F43E8 /* Assets.xcassets in Resources */,
				71A0E6741BFB91F0002F43E8 /* Main.storyboard in Resources */,
			);
			runOnlyForDeploymentPostprocessing = 0;
		};
		71A0E67A1BFB91F0002F43E8 /* Resources */ = {
			isa = PBXResourcesBuildPhase;
			buildActionMask = 2147483647;
			files = (
			);
			runOnlyForDeploymentPostprocessing = 0;
		};
		71A0E6851BFB91F0002F43E8 /* Resources */ = {
			isa = PBXResourcesBuildPhase;
			buildActionMask = 2147483647;
			files = (
			);
			runOnlyForDeploymentPostprocessing = 0;
		};
/* End PBXResourcesBuildPhase section */

/* Begin PBXSourcesBuildPhase section */
		71A0E6671BFB91F0002F43E8 /* Sources */ = {
			isa = PBXSourcesBuildPhase;
			buildActionMask = 2147483647;
			files = (
				71A0E6711BFB91F0002F43E8 /* ViewController.swift in Sources */,
				71A0E69C1BFB921F002F43E8 /* TealiumHelper.swift in Sources */,
				71A0E66F1BFB91F0002F43E8 /* AppDelegate.swift in Sources */,
			);
			runOnlyForDeploymentPostprocessing = 0;
		};
		71A0E6781BFB91F0002F43E8 /* Sources */ = {
			isa = PBXSourcesBuildPhase;
			buildActionMask = 2147483647;
			files = (
				71A0E6811BFB91F0002F43E8 /* BlankApp_TealiumTests.swift in Sources */,
			);
			runOnlyForDeploymentPostprocessing = 0;
		};
		71A0E6831BFB91F0002F43E8 /* Sources */ = {
			isa = PBXSourcesBuildPhase;
			buildActionMask = 2147483647;
			files = (
				71A0E68C1BFB91F0002F43E8 /* BlankApp_TealiumUITests.swift in Sources */,
			);
			runOnlyForDeploymentPostprocessing = 0;
		};
/* End PBXSourcesBuildPhase section */

/* Begin PBXTargetDependency section */
		71A0E67E1BFB91F0002F43E8 /* PBXTargetDependency */ = {
			isa = PBXTargetDependency;
			target = 71A0E66A1BFB91F0002F43E8 /* BlankApp+Tealium */;
			targetProxy = 71A0E67D1BFB91F0002F43E8 /* PBXContainerItemProxy */;
		};
		71A0E6891BFB91F0002F43E8 /* PBXTargetDependency */ = {
			isa = PBXTargetDependency;
			target = 71A0E66A1BFB91F0002F43E8 /* BlankApp+Tealium */;
			targetProxy = 71A0E6881BFB91F0002F43E8 /* PBXContainerItemProxy */;
		};
/* End PBXTargetDependency section */

/* Begin PBXVariantGroup section */
		71A0E6721BFB91F0002F43E8 /* Main.storyboard */ = {
			isa = PBXVariantGroup;
			children = (
				71A0E6731BFB91F0002F43E8 /* Base */,
			);
			name = Main.storyboard;
			sourceTree = "<group>";
		};
/* End PBXVariantGroup section */

/* Begin XCBuildConfiguration section */
		71A0E68E1BFB91F0002F43E8 /* Debug */ = {
			isa = XCBuildConfiguration;
			buildSettings = {
				ALWAYS_SEARCH_USER_PATHS = NO;
				CLANG_CXX_LANGUAGE_STANDARD = "gnu++0x";
				CLANG_CXX_LIBRARY = "libc++";
				CLANG_ENABLE_MODULES = YES;
				CLANG_ENABLE_OBJC_ARC = YES;
				CLANG_WARN_BOOL_CONVERSION = YES;
				CLANG_WARN_CONSTANT_CONVERSION = YES;
				CLANG_WARN_DIRECT_OBJC_ISA_USAGE = YES_ERROR;
				CLANG_WARN_EMPTY_BODY = YES;
				CLANG_WARN_ENUM_CONVERSION = YES;
				CLANG_WARN_INT_CONVERSION = YES;
				CLANG_WARN_OBJC_ROOT_CLASS = YES_ERROR;
				CLANG_WARN_UNREACHABLE_CODE = YES;
				CLANG_WARN__DUPLICATE_METHOD_MATCH = YES;
				COPY_PHASE_STRIP = NO;
				DEBUG_INFORMATION_FORMAT = dwarf;
				ENABLE_STRICT_OBJC_MSGSEND = YES;
				ENABLE_TESTABILITY = YES;
				GCC_C_LANGUAGE_STANDARD = gnu99;
				GCC_DYNAMIC_NO_PIC = NO;
				GCC_NO_COMMON_BLOCKS = YES;
				GCC_OPTIMIZATION_LEVEL = 0;
				GCC_PREPROCESSOR_DEFINITIONS = (
					"DEBUG=1",
					"$(inherited)",
				);
				GCC_WARN_64_TO_32_BIT_CONVERSION = YES;
				GCC_WARN_ABOUT_RETURN_TYPE = YES_ERROR;
				GCC_WARN_UNDECLARED_SELECTOR = YES;
				GCC_WARN_UNINITIALIZED_AUTOS = YES_AGGRESSIVE;
				GCC_WARN_UNUSED_FUNCTION = YES;
				GCC_WARN_UNUSED_VARIABLE = YES;
				MTL_ENABLE_DEBUG_INFO = YES;
				ONLY_ACTIVE_ARCH = YES;
				SDKROOT = appletvos;
				SWIFT_OPTIMIZATION_LEVEL = "-Onone";
				TARGETED_DEVICE_FAMILY = 3;
				TVOS_DEPLOYMENT_TARGET = 9.0;
			};
			name = Debug;
		};
		71A0E68F1BFB91F0002F43E8 /* Release */ = {
			isa = XCBuildConfiguration;
			buildSettings = {
				ALWAYS_SEARCH_USER_PATHS = NO;
				CLANG_CXX_LANGUAGE_STANDARD = "gnu++0x";
				CLANG_CXX_LIBRARY = "libc++";
				CLANG_ENABLE_MODULES = YES;
				CLANG_ENABLE_OBJC_ARC = YES;
				CLANG_WARN_BOOL_CONVERSION = YES;
				CLANG_WARN_CONSTANT_CONVERSION = YES;
				CLANG_WARN_DIRECT_OBJC_ISA_USAGE = YES_ERROR;
				CLANG_WARN_EMPTY_BODY = YES;
				CLANG_WARN_ENUM_CONVERSION = YES;
				CLANG_WARN_INT_CONVERSION = YES;
				CLANG_WARN_OBJC_ROOT_CLASS = YES_ERROR;
				CLANG_WARN_UNREACHABLE_CODE = YES;
				CLANG_WARN__DUPLICATE_METHOD_MATCH = YES;
				COPY_PHASE_STRIP = NO;
				DEBUG_INFORMATION_FORMAT = "dwarf-with-dsym";
				ENABLE_NS_ASSERTIONS = NO;
				ENABLE_STRICT_OBJC_MSGSEND = YES;
				GCC_C_LANGUAGE_STANDARD = gnu99;
				GCC_NO_COMMON_BLOCKS = YES;
				GCC_WARN_64_TO_32_BIT_CONVERSION = YES;
				GCC_WARN_ABOUT_RETURN_TYPE = YES_ERROR;
				GCC_WARN_UNDECLARED_SELECTOR = YES;
				GCC_WARN_UNINITIALIZED_AUTOS = YES_AGGRESSIVE;
				GCC_WARN_UNUSED_FUNCTION = YES;
				GCC_WARN_UNUSED_VARIABLE = YES;
				MTL_ENABLE_DEBUG_INFO = NO;
				SDKROOT = appletvos;
				TARGETED_DEVICE_FAMILY = 3;
				TVOS_DEPLOYMENT_TARGET = 9.0;
				VALIDATE_PRODUCT = YES;
			};
			name = Release;
		};
		71A0E6911BFB91F0002F43E8 /* Debug */ = {
			isa = XCBuildConfiguration;
			buildSettings = {
				ASSETCATALOG_COMPILER_APPICON_NAME = "App Icon & Top Shelf Image";
				ASSETCATALOG_COMPILER_LAUNCHIMAGE_NAME = LaunchImage;
				FRAMEWORK_SEARCH_PATHS = "${PROJECT_DIR}/../../";
				INFOPLIST_FILE = "BlankApp+Tealium/Info.plist";
				LD_RUNPATH_SEARCH_PATHS = "$(inherited) @executable_path/Frameworks";
				PRODUCT_BUNDLE_IDENTIFIER = "com.tealium.BlankApp-Tealium";
				PRODUCT_NAME = "$(TARGET_NAME)";
				SWIFT_OBJC_BRIDGING_HEADER = "$(PROJECT_DIR)/../../Support/TealiumTVOSBridgingHeader.h";
			};
			name = Debug;
		};
		71A0E6921BFB91F0002F43E8 /* Release */ = {
			isa = XCBuildConfiguration;
			buildSettings = {
				ASSETCATALOG_COMPILER_APPICON_NAME = "App Icon & Top Shelf Image";
				ASSETCATALOG_COMPILER_LAUNCHIMAGE_NAME = LaunchImage;
				FRAMEWORK_SEARCH_PATHS = "${PROJECT_DIR}/../../";
				INFOPLIST_FILE = "BlankApp+Tealium/Info.plist";
				LD_RUNPATH_SEARCH_PATHS = "$(inherited) @executable_path/Frameworks";
				PRODUCT_BUNDLE_IDENTIFIER = "com.tealium.BlankApp-Tealium";
				PRODUCT_NAME = "$(TARGET_NAME)";
				SWIFT_OBJC_BRIDGING_HEADER = "$(PROJECT_DIR)/../../Support/TealiumTVOSBridgingHeader.h";
			};
			name = Release;
		};
		71A0E6941BFB91F0002F43E8 /* Debug */ = {
			isa = XCBuildConfiguration;
			buildSettings = {
				BUNDLE_LOADER = "$(TEST_HOST)";
				INFOPLIST_FILE = "BlankApp+TealiumTests/Info.plist";
				LD_RUNPATH_SEARCH_PATHS = "$(inherited) @executable_path/Frameworks @loader_path/Frameworks";
				PRODUCT_BUNDLE_IDENTIFIER = "com.tealium.BlankApp-TealiumTests";
				PRODUCT_NAME = "$(TARGET_NAME)";
				TEST_HOST = "$(BUILT_PRODUCTS_DIR)/BlankApp+Tealium.app/BlankApp+Tealium";
			};
			name = Debug;
		};
		71A0E6951BFB91F0002F43E8 /* Release */ = {
			isa = XCBuildConfiguration;
			buildSettings = {
				BUNDLE_LOADER = "$(TEST_HOST)";
				INFOPLIST_FILE = "BlankApp+TealiumTests/Info.plist";
				LD_RUNPATH_SEARCH_PATHS = "$(inherited) @executable_path/Frameworks @loader_path/Frameworks";
				PRODUCT_BUNDLE_IDENTIFIER = "com.tealium.BlankApp-TealiumTests";
				PRODUCT_NAME = "$(TARGET_NAME)";
				TEST_HOST = "$(BUILT_PRODUCTS_DIR)/BlankApp+Tealium.app/BlankApp+Tealium";
			};
			name = Release;
		};
		71A0E6971BFB91F0002F43E8 /* Debug */ = {
			isa = XCBuildConfiguration;
			buildSettings = {
				INFOPLIST_FILE = "BlankApp+TealiumUITests/Info.plist";
				LD_RUNPATH_SEARCH_PATHS = "$(inherited) @executable_path/Frameworks @loader_path/Frameworks";
				PRODUCT_BUNDLE_IDENTIFIER = "com.tealium.BlankApp-TealiumUITests";
				PRODUCT_NAME = "$(TARGET_NAME)";
				TEST_TARGET_NAME = "BlankApp+Tealium";
				USES_XCTRUNNER = YES;
			};
			name = Debug;
		};
		71A0E6981BFB91F0002F43E8 /* Release */ = {
			isa = XCBuildConfiguration;
			buildSettings = {
				INFOPLIST_FILE = "BlankApp+TealiumUITests/Info.plist";
				LD_RUNPATH_SEARCH_PATHS = "$(inherited) @executable_path/Frameworks @loader_path/Frameworks";
				PRODUCT_BUNDLE_IDENTIFIER = "com.tealium.BlankApp-TealiumUITests";
				PRODUCT_NAME = "$(TARGET_NAME)";
				TEST_TARGET_NAME = "BlankApp+Tealium";
				USES_XCTRUNNER = YES;
			};
			name = Release;
		};
/* End XCBuildConfiguration section */

/* Begin XCConfigurationList section */
		71A0E6661BFB91F0002F43E8 /* Build configuration list for PBXProject "BlankApp+Tealium" */ = {
			isa = XCConfigurationList;
			buildConfigurations = (
				71A0E68E1BFB91F0002F43E8 /* Debug */,
				71A0E68F1BFB91F0002F43E8 /* Release */,
			);
			defaultConfigurationIsVisible = 0;
			defaultConfigurationName = Release;
		};
		71A0E6901BFB91F0002F43E8 /* Build configuration list for PBXNativeTarget "BlankApp+Tealium" */ = {
			isa = XCConfigurationList;
			buildConfigurations = (
				71A0E6911BFB91F0002F43E8 /* Debug */,
				71A0E6921BFB91F0002F43E8 /* Release */,
			);
			defaultConfigurationIsVisible = 0;
			defaultConfigurationName = Release;
		};
		71A0E6931BFB91F0002F43E8 /* Build configuration list for PBXNativeTarget "BlankApp+TealiumTests" */ = {
			isa = XCConfigurationList;
			buildConfigurations = (
				71A0E6941BFB91F0002F43E8 /* Debug */,
				71A0E6951BFB91F0002F43E8 /* Release */,
			);
			defaultConfigurationIsVisible = 0;
			defaultConfigurationName = Release;
		};
		71A0E6961BFB91F0002F43E8 /* Build configuration list for PBXNativeTarget "BlankApp+TealiumUITests" */ = {
			isa = XCConfigurationList;
			buildConfigurations = (
				71A0E6971BFB91F0002F43E8 /* Debug */,
				71A0E6981BFB91F0002F43E8 /* Release */,
			);
			defaultConfigurationIsVisible = 0;
			defaultConfigurationName = Release;
		};
/* End XCConfigurationList section */
	};
	rootObject = 71A0E6631BFB91F0002F43E8 /* Project object */;
}
